
Microsoft Visual Studio Solution File, Format Version 12.00
# Visual Studio Version 17
VisualStudioVersion = 17.6.33829.357
MinimumVisualStudioVersion = 10.0.40219.1
Project("{9A19103F-16F7-4668-BE54-9A1E7A4F7556}") = "project_comp1640_be", "project_comp1640_be\project_comp1640_be.csproj", "{BB0A07A1-4F2D-44A6-B252-200E2160DC8F}"
EndProject
Global
	GlobalSection(SolutionConfigurationPlatforms) = preSolution
		Debug|Any CPU = Debug|Any CPU
		Release|Any CPU = Release|Any CPU
	EndGlobalSection
	GlobalSection(ProjectConfigurationPlatforms) = postSolution
		{BB0A07A1-4F2D-44A6-B252-200E2160DC8F}.Debug|Any CPU.ActiveCfg = Debug|Any CPU
		{BB0A07A1-4F2D-44A6-B252-200E2160DC8F}.Debug|Any CPU.Build.0 = Debug|Any CPU
		{BB0A07A1-4F2D-44A6-B252-200E2160DC8F}.Release|Any CPU.ActiveCfg = Release|Any CPU
		{BB0A07A1-4F2D-44A6-B252-200E2160DC8F}.Release|Any CPU.Build.0 = Release|Any CPU
	EndGlobalSection
	GlobalSection(SolutionProperties) = preSolution
		HideSolutionNode = FALSE
	EndGlobalSection
	GlobalSection(ExtensibilityGlobals) = postSolution
		SolutionGuid = {1F4C2A8D-3B74-4049-AF74-34027274E54B}
	EndGlobalSection
EndGlobal
