
Microsoft Visual Studio Solution File, Format Version 12.00
# Visual Studio Version 17
VisualStudioVersion = 17.5.002.0
MinimumVisualStudioVersion = 10.0.40219.1
Project("{9A19103F-16F7-4668-BE54-9A1E7A4F7556}") = "project_comp1640_be", "project_comp1640_be.csproj", "{50A02CFA-4F0B-4648-9B45-61B99366EB7A}"
EndProject
Global
	GlobalSection(SolutionConfigurationPlatforms) = preSolution
		Debug|Any CPU = Debug|Any CPU
		Release|Any CPU = Release|Any CPU
	EndGlobalSection
	GlobalSection(ProjectConfigurationPlatforms) = postSolution
		{50A02CFA-4F0B-4648-9B45-61B99366EB7A}.Debug|Any CPU.ActiveCfg = Debug|Any CPU
		{50A02CFA-4F0B-4648-9B45-61B99366EB7A}.Debug|Any CPU.Build.0 = Debug|Any CPU
		{50A02CFA-4F0B-4648-9B45-61B99366EB7A}.Release|Any CPU.ActiveCfg = Release|Any CPU
		{50A02CFA-4F0B-4648-9B45-61B99366EB7A}.Release|Any CPU.Build.0 = Release|Any CPU
	EndGlobalSection
	GlobalSection(SolutionProperties) = preSolution
		HideSolutionNode = FALSE
	EndGlobalSection
	GlobalSection(ExtensibilityGlobals) = postSolution
		SolutionGuid = {10AFE156-9094-485B-9B9A-7323801405C9}
	EndGlobalSection
EndGlobal
